
Microsoft Visual Studio Solution File, Format Version 12.00
# Visual Studio Version 16
VisualStudioVersion = 16.0.33328.57
MinimumVisualStudioVersion = 10.0.40219.1
Project("{FAE04EC0-301F-11D3-BF4B-00C04F79EFBC}") = "SignalRChatRealTime", "SignalRChatRealTime\SignalRChatRealTime.csproj", "{082BCE24-3B1F-4A42-A82D-A3088710584C}"
EndProject
Global
	GlobalSection(SolutionConfigurationPlatforms) = preSolution
		Debug|Any CPU = Debug|Any CPU
		Release|Any CPU = Release|Any CPU
	EndGlobalSection
	GlobalSection(ProjectConfigurationPlatforms) = postSolution
		{082BCE24-3B1F-4A42-A82D-A3088710584C}.Debug|Any CPU.ActiveCfg = Debug|Any CPU
		{082BCE24-3B1F-4A42-A82D-A3088710584C}.Debug|Any CPU.Build.0 = Debug|Any CPU
		{082BCE24-3B1F-4A42-A82D-A3088710584C}.Release|Any CPU.ActiveCfg = Release|Any CPU
		{082BCE24-3B1F-4A42-A82D-A3088710584C}.Release|Any CPU.Build.0 = Release|Any CPU
	EndGlobalSection
	GlobalSection(SolutionProperties) = preSolution
		HideSolutionNode = FALSE
	EndGlobalSection
	GlobalSection(ExtensibilityGlobals) = postSolution
		SolutionGuid = {B8C663C3-20D4-4840-9381-09A15376287C}
	EndGlobalSection
EndGlobal
